
Microsoft Visual Studio Solution File, Format Version 12.00
# Visual Studio Version 17
VisualStudioVersion = 17.11.35327.3
MinimumVisualStudioVersion = 10.0.40219.1
Project("{9A19103F-16F7-4668-BE54-9A1E7A4F7556}") = "BulkyBookWeb", "BulkyWeb\BulkyBookWeb.csproj", "{D8887799-D13D-4D19-BA65-3061250A1056}"
EndProject
Project("{9A19103F-16F7-4668-BE54-9A1E7A4F7556}") = "BulkyBook.DataAccess", "Bulky.DataAccess\BulkyBook.DataAccess.csproj", "{138B1A01-15BF-4E48-9C2E-C5746459CFE7}"
EndProject
Project("{9A19103F-16F7-4668-BE54-9A1E7A4F7556}") = "BulkyBook.Models", "Bulky.Models\BulkyBook.Models.csproj", "{91B6B722-DDEB-4B44-A27D-17FF9C294ADB}"
EndProject
Project("{9A19103F-16F7-4668-BE54-9A1E7A4F7556}") = "BulkyBook.Utility", "Bulky.Utility\BulkyBook.Utility.csproj", "{1E37024A-2CA1-49E4-B3EC-B960A2A3715B}"
EndProject
Global
	GlobalSection(SolutionConfigurationPlatforms) = preSolution
		Debug|Any CPU = Debug|Any CPU
		Release|Any CPU = Release|Any CPU
	EndGlobalSection
	GlobalSection(ProjectConfigurationPlatforms) = postSolution
		{D8887799-D13D-4D19-BA65-3061250A1056}.Debug|Any CPU.ActiveCfg = Debug|Any CPU
		{D8887799-D13D-4D19-BA65-3061250A1056}.Debug|Any CPU.Build.0 = Debug|Any CPU
		{D8887799-D13D-4D19-BA65-3061250A1056}.Release|Any CPU.ActiveCfg = Release|Any CPU
		{D8887799-D13D-4D19-BA65-3061250A1056}.Release|Any CPU.Build.0 = Release|Any CPU
		{138B1A01-15BF-4E48-9C2E-C5746459CFE7}.Debug|Any CPU.ActiveCfg = Debug|Any CPU
		{138B1A01-15BF-4E48-9C2E-C5746459CFE7}.Debug|Any CPU.Build.0 = Debug|Any CPU
		{138B1A01-15BF-4E48-9C2E-C5746459CFE7}.Release|Any CPU.ActiveCfg = Release|Any CPU
		{138B1A01-15BF-4E48-9C2E-C5746459CFE7}.Release|Any CPU.Build.0 = Release|Any CPU
		{91B6B722-DDEB-4B44-A27D-17FF9C294ADB}.Debug|Any CPU.ActiveCfg = Debug|Any CPU
		{91B6B722-DDEB-4B44-A27D-17FF9C294ADB}.Debug|Any CPU.Build.0 = Debug|Any CPU
		{91B6B722-DDEB-4B44-A27D-17FF9C294ADB}.Release|Any CPU.ActiveCfg = Release|Any CPU
		{91B6B722-DDEB-4B44-A27D-17FF9C294ADB}.Release|Any CPU.Build.0 = Release|Any CPU
		{1E37024A-2CA1-49E4-B3EC-B960A2A3715B}.Debug|Any CPU.ActiveCfg = Debug|Any CPU
		{1E37024A-2CA1-49E4-B3EC-B960A2A3715B}.Debug|Any CPU.Build.0 = Debug|Any CPU
		{1E37024A-2CA1-49E4-B3EC-B960A2A3715B}.Release|Any CPU.ActiveCfg = Release|Any CPU
		{1E37024A-2CA1-49E4-B3EC-B960A2A3715B}.Release|Any CPU.Build.0 = Release|Any CPU
	EndGlobalSection
	GlobalSection(SolutionProperties) = preSolution
		HideSolutionNode = FALSE
	EndGlobalSection
	GlobalSection(ExtensibilityGlobals) = postSolution
		SolutionGuid = {39F86B35-A0E5-4318-8346-49DB8A19E16D}
	EndGlobalSection
EndGlobal
